// !$*UTF8*$!
{
	archiveVersion = 1;
	classes = {
	};
	objectVersion = 50;
	objects = {

/* Begin PBXBuildFile section */
		DE9A63E7252033B3007E3256 /* scaleApp.swift in Sources */ = {isa = PBXBuildFile; fileRef = DE9A63E6252033B3007E3256 /* scaleApp.swift */; };
		DE9A63E9252033B3007E3256 /* ContentView.swift in Sources */ = {isa = PBXBuildFile; fileRef = DE9A63E8252033B3007E3256 /* ContentView.swift */; };
		DE9A63EB252033B7007E3256 /* Assets.xcassets in Resources */ = {isa = PBXBuildFile; fileRef = DE9A63EA252033B7007E3256 /* Assets.xcassets */; };
		DE9A63EE252033B7007E3256 /* Preview Assets.xcassets in Resources */ = {isa = PBXBuildFile; fileRef = DE9A63ED252033B7007E3256 /* Preview Assets.xcassets */; };
		DE9A63FD2520344D007E3256 /* WidgetKit.framework in Frameworks */ = {isa = PBXBuildFile; fileRef = DE9A63FC2520344C007E3256 /* WidgetKit.framework */; };
		DE9A63FF2520344D007E3256 /* SwiftUI.framework in Frameworks */ = {isa = PBXBuildFile; fileRef = DE9A63FE2520344D007E3256 /* SwiftUI.framework */; };
		DE9A64022520344D007E3256 /* scaleW.swift in Sources */ = {isa = PBXBuildFile; fileRef = DE9A64012520344D007E3256 /* scaleW.swift */; };
		DE9A64052520345E007E3256 /* Assets.xcassets in Resources */ = {isa = PBXBuildFile; fileRef = DE9A64042520345E007E3256 /* Assets.xcassets */; };
		DE9A64072520345E007E3256 /* scaleW.intentdefinition in Sources */ = {isa = PBXBuildFile; fileRef = DE9A64032520344D007E3256 /* scaleW.intentdefinition */; };
		DE9A64082520345E007E3256 /* scaleW.intentdefinition in Sources */ = {isa = PBXBuildFile; fileRef = DE9A64032520344D007E3256 /* scaleW.intentdefinition */; };
		DE9A640B2520345E007E3256 /* scaleWExtension.appex in Embed App Extensions */ = {isa = PBXBuildFile; fileRef = DE9A63FA2520344C007E3256 /* scaleWExtension.appex */; settings = {ATTRIBUTES = (RemoveHeadersOnCopy, ); }; };
		DE9A6413252036CA007E3256 /* WidgetView.swift in Sources */ = {isa = PBXBuildFile; fileRef = DE9A6412252036CA007E3256 /* WidgetView.swift */; };
		DE9A6414252036CA007E3256 /* WidgetView.swift in Sources */ = {isa = PBXBuildFile; fileRef = DE9A6412252036CA007E3256 /* WidgetView.swift */; };
/* End PBXBuildFile section */

/* Begin PBXContainerItemProxy section */
		DE9A64092520345E007E3256 /* PBXContainerItemProxy */ = {
			isa = PBXContainerItemProxy;
			containerPortal = DE9A63DB252033B3007E3256 /* Project object */;
			proxyType = 1;
			remoteGlobalIDString = DE9A63F92520344C007E3256;
			remoteInfo = scaleWExtension;
		};
/* End PBXContainerItemProxy section */

/* Begin PBXCopyFilesBuildPhase section */
		DE9A640F2520345E007E3256 /* Embed App Extensions */ = {
			isa = PBXCopyFilesBuildPhase;
			buildActionMask = 2147483647;
			dstPath = "";
			dstSubfolderSpec = 13;
			files = (
				DE9A640B2520345E007E3256 /* scaleWExtension.appex in Embed App Extensions */,
			);
			name = "Embed App Extensions";
			runOnlyForDeploymentPostprocessing = 0;
		};
/* End PBXCopyFilesBuildPhase section */

/* Begin PBXFileReference section */
		DE9A63E3252033B3007E3256 /* scale.app */ = {isa = PBXFileReference; explicitFileType = wrapper.application; includeInIndex = 0; path = scale.app; sourceTree = BUILT_PRODUCTS_DIR; };
		DE9A63E6252033B3007E3256 /* scaleApp.swift */ = {isa = PBXFileReference; lastKnownFileType = sourcecode.swift; path = scaleApp.swift; sourceTree = "<group>"; };
		DE9A63E8252033B3007E3256 /* ContentView.swift */ = {isa = PBXFileReference; lastKnownFileType = sourcecode.swift; path = ContentView.swift; sourceTree = "<group>"; };
		DE9A63EA252033B7007E3256 /* Assets.xcassets */ = {isa = PBXFileReference; lastKnownFileType = folder.assetcatalog; path = Assets.xcassets; sourceTree = "<group>"; };
		DE9A63ED252033B7007E3256 /* Preview Assets.xcassets */ = {isa = PBXFileReference; lastKnownFileType = folder.assetcatalog; path = "Preview Assets.xcassets"; sourceTree = "<group>"; };
		DE9A63EF252033B7007E3256 /* Info.plist */ = {isa = PBXFileReference; lastKnownFileType = text.plist.xml; path = Info.plist; sourceTree = "<group>"; };
		DE9A63FA2520344C007E3256 /* scaleWExtension.appex */ = {isa = PBXFileReference; explicitFileType = "wrapper.app-extension"; includeInIndex = 0; path = scaleWExtension.appex; sourceTree = BUILT_PRODUCTS_DIR; };
		DE9A63FC2520344C007E3256 /* WidgetKit.framework */ = {isa = PBXFileReference; lastKnownFileType = wrapper.framework; name = WidgetKit.framework; path = System/Library/Frameworks/WidgetKit.framework; sourceTree = SDKROOT; };
		DE9A63FE2520344D007E3256 /* SwiftUI.framework */ = {isa = PBXFileReference; lastKnownFileType = wrapper.framework; name = SwiftUI.framework; path = System/Library/Frameworks/SwiftUI.framework; sourceTree = SDKROOT; };
		DE9A64012520344D007E3256 /* scaleW.swift */ = {isa = PBXFileReference; lastKnownFileType = sourcecode.swift; path = scaleW.swift; sourceTree = "<group>"; };
		DE9A64032520344D007E3256 /* scaleW.intentdefinition */ = {isa = PBXFileReference; lastKnownFileType = file.intentdefinition; path = scaleW.intentdefinition; sourceTree = "<group>"; };
		DE9A64042520345E007E3256 /* Assets.xcassets */ = {isa = PBXFileReference; lastKnownFileType = folder.assetcatalog; path = Assets.xcassets; sourceTree = "<group>"; };
		DE9A64062520345E007E3256 /* Info.plist */ = {isa = PBXFileReference; lastKnownFileType = text.plist.xml; path = Info.plist; sourceTree = "<group>"; };
		DE9A6412252036CA007E3256 /* WidgetView.swift */ = {isa = PBXFileReference; lastKnownFileType = sourcecode.swift; path = WidgetView.swift; sourceTree = "<group>"; };
/* End PBXFileReference section */

/* Begin PBXFrameworksBuildPhase section */
		DE9A63E0252033B3007E3256 /* Frameworks */ = {
			isa = PBXFrameworksBuildPhase;
			buildActionMask = 2147483647;
			files = (
			);
			runOnlyForDeploymentPostprocessing = 0;
		};
		DE9A63F72520344C007E3256 /* Frameworks */ = {
			isa = PBXFrameworksBuildPhase;
			buildActionMask = 2147483647;
			files = (
				DE9A63FF2520344D007E3256 /* SwiftUI.framework in Frameworks */,
				DE9A63FD2520344D007E3256 /* WidgetKit.framework in Frameworks */,
			);
			runOnlyForDeploymentPostprocessing = 0;
		};
/* End PBXFrameworksBuildPhase section */

/* Begin PBXGroup section */
		DE9A63DA252033B3007E3256 = {
			isa = PBXGroup;
			children = (
				DE9A63E5252033B3007E3256 /* scale */,
				DE9A64002520344D007E3256 /* scaleW */,
				DE9A63FB2520344C007E3256 /* Frameworks */,
				DE9A63E4252033B3007E3256 /* Products */,
			);
			sourceTree = "<group>";
		};
		DE9A63E4252033B3007E3256 /* Products */ = {
			isa = PBXGroup;
			children = (
				DE9A63E3252033B3007E3256 /* scale.app */,
				DE9A63FA2520344C007E3256 /* scaleWExtension.appex */,
			);
			name = Products;
			sourceTree = "<group>";
		};
		DE9A63E5252033B3007E3256 /* scale */ = {
			isa = PBXGroup;
			children = (
				DE9A63E6252033B3007E3256 /* scaleApp.swift */,
				DE9A63E8252033B3007E3256 /* ContentView.swift */,
				DE9A63EA252033B7007E3256 /* Assets.xcassets */,
				DE9A63EF252033B7007E3256 /* Info.plist */,
				DE9A63EC252033B7007E3256 /* Preview Content */,
			);
			path = scale;
			sourceTree = "<group>";
		};
		DE9A63EC252033B7007E3256 /* Preview Content */ = {
			isa = PBXGroup;
			children = (
				DE9A63ED252033B7007E3256 /* Preview Assets.xcassets */,
			);
			path = "Preview Content";
			sourceTree = "<group>";
		};
		DE9A63FB2520344C007E3256 /* Frameworks */ = {
			isa = PBXGroup;
			children = (
				DE9A63FC2520344C007E3256 /* WidgetKit.framework */,
				DE9A63FE2520344D007E3256 /* SwiftUI.framework */,
			);
			name = Frameworks;
			sourceTree = "<group>";
		};
		DE9A64002520344D007E3256 /* scaleW */ = {
			isa = PBXGroup;
			children = (
				DE9A64012520344D007E3256 /* scaleW.swift */,
				DE9A6412252036CA007E3256 /* WidgetView.swift */,
				DE9A64032520344D007E3256 /* scaleW.intentdefinition */,
				DE9A64042520345E007E3256 /* Assets.xcassets */,
				DE9A64062520345E007E3256 /* Info.plist */,
			);
			path = scaleW;
			sourceTree = "<group>";
		};
/* End PBXGroup section */

/* Begin PBXNativeTarget section */
		DE9A63E2252033B3007E3256 /* scale */ = {
			isa = PBXNativeTarget;
			buildConfigurationList = DE9A63F2252033B7007E3256 /* Build configuration list for PBXNativeTarget "scale" */;
			buildPhases = (
				DE9A63DF252033B3007E3256 /* Sources */,
				DE9A63E0252033B3007E3256 /* Frameworks */,
				DE9A63E1252033B3007E3256 /* Resources */,
				DE9A640F2520345E007E3256 /* Embed App Extensions */,
			);
			buildRules = (
			);
			dependencies = (
				DE9A640A2520345E007E3256 /* PBXTargetDependency */,
			);
			name = scale;
			productName = scale;
			productReference = DE9A63E3252033B3007E3256 /* scale.app */;
			productType = "com.apple.product-type.application";
		};
		DE9A63F92520344C007E3256 /* scaleWExtension */ = {
			isa = PBXNativeTarget;
			buildConfigurationList = DE9A640C2520345E007E3256 /* Build configuration list for PBXNativeTarget "scaleWExtension" */;
			buildPhases = (
				DE9A63F62520344C007E3256 /* Sources */,
				DE9A63F72520344C007E3256 /* Frameworks */,
				DE9A63F82520344C007E3256 /* Resources */,
			);
			buildRules = (
			);
			dependencies = (
			);
			name = scaleWExtension;
			productName = scaleWExtension;
			productReference = DE9A63FA2520344C007E3256 /* scaleWExtension.appex */;
			productType = "com.apple.product-type.app-extension";
		};
/* End PBXNativeTarget section */

/* Begin PBXProject section */
		DE9A63DB252033B3007E3256 /* Project object */ = {
			isa = PBXProject;
			attributes = {
				LastSwiftUpdateCheck = 1200;
				LastUpgradeCheck = 1200;
				TargetAttributes = {
					DE9A63E2252033B3007E3256 = {
						CreatedOnToolsVersion = 12.0.1;
					};
					DE9A63F92520344C007E3256 = {
						CreatedOnToolsVersion = 12.0.1;
					};
				};
			};
			buildConfigurationList = DE9A63DE252033B3007E3256 /* Build configuration list for PBXProject "scale" */;
			compatibilityVersion = "Xcode 9.3";
			developmentRegion = en;
			hasScannedForEncodings = 0;
			knownRegions = (
				en,
				Base,
			);
			mainGroup = DE9A63DA252033B3007E3256;
			productRefGroup = DE9A63E4252033B3007E3256 /* Products */;
			projectDirPath = "";
			projectRoot = "";
			targets = (
				DE9A63E2252033B3007E3256 /* scale */,
				DE9A63F92520344C007E3256 /* scaleWExtension */,
			);
		};
/* End PBXProject section */

/* Begin PBXResourcesBuildPhase section */
		DE9A63E1252033B3007E3256 /* Resources */ = {
			isa = PBXResourcesBuildPhase;
			buildActionMask = 2147483647;
			files = (
				DE9A63EE252033B7007E3256 /* Preview Assets.xcassets in Resources */,
				DE9A63EB252033B7007E3256 /* Assets.xcassets in Resources */,
			);
			runOnlyForDeploymentPostprocessing = 0;
		};
		DE9A63F82520344C007E3256 /* Resources */ = {
			isa = PBXResourcesBuildPhase;
			buildActionMask = 2147483647;
			files = (
				DE9A64052520345E007E3256 /* Assets.xcassets in Resources */,
			);
			runOnlyForDeploymentPostprocessing = 0;
		};
/* End PBXResourcesBuildPhase section */

/* Begin PBXSourcesBuildPhase section */
		DE9A63DF252033B3007E3256 /* Sources */ = {
			isa = PBXSourcesBuildPhase;
			buildActionMask = 2147483647;
			files = (
				DE9A63E9252033B3007E3256 /* ContentView.swift in Sources */,
				DE9A64082520345E007E3256 /* scaleW.intentdefinition in Sources */,
				DE9A6413252036CA007E3256 /* WidgetView.swift in Sources */,
				DE9A63E7252033B3007E3256 /* scaleApp.swift in Sources */,
			);
			runOnlyForDeploymentPostprocessing = 0;
		};
		DE9A63F62520344C007E3256 /* Sources */ = {
			isa = PBXSourcesBuildPhase;
			buildActionMask = 2147483647;
			files = (
				DE9A6414252036CA007E3256 /* WidgetView.swift in Sources */,
				DE9A64022520344D007E3256 /* scaleW.swift in Sources */,
				DE9A64072520345E007E3256 /* scaleW.intentdefinition in Sources */,
			);
			runOnlyForDeploymentPostprocessing = 0;
		};
/* End PBXSourcesBuildPhase section */

/* Begin PBXTargetDependency section */
		DE9A640A2520345E007E3256 /* PBXTargetDependency */ = {
			isa = PBXTargetDependency;
			target = DE9A63F92520344C007E3256 /* scaleWExtension */;
			targetProxy = DE9A64092520345E007E3256 /* PBXContainerItemProxy */;
		};
/* End PBXTargetDependency section */

/* Begin XCBuildConfiguration section */
		DE9A63F0252033B7007E3256 /* Debug */ = {
			isa = XCBuildConfiguration;
			buildSettings = {
				ALWAYS_SEARCH_USER_PATHS = NO;
				CLANG_ANALYZER_NONNULL = YES;
				CLANG_ANALYZER_NUMBER_OBJECT_CONVERSION = YES_AGGRESSIVE;
				CLANG_CXX_LANGUAGE_STANDARD = "gnu++14";
				CLANG_CXX_LIBRARY = "libc++";
				CLANG_ENABLE_MODULES = YES;
				CLANG_ENABLE_OBJC_ARC = YES;
				CLANG_ENABLE_OBJC_WEAK = YES;
				CLANG_WARN_BLOCK_CAPTURE_AUTORELEASING = YES;
				CLANG_WARN_BOOL_CONVERSION = YES;
				CLANG_WARN_COMMA = YES;
				CLANG_WARN_CONSTANT_CONVERSION = YES;
				CLANG_WARN_DEPRECATED_OBJC_IMPLEMENTATIONS = YES;
				CLANG_WARN_DIRECT_OBJC_ISA_USAGE = YES_ERROR;
				CLANG_WARN_DOCUMENTATION_COMMENTS = YES;
				CLANG_WARN_EMPTY_BODY = YES;
				CLANG_WARN_ENUM_CONVERSION = YES;
				CLANG_WARN_INFINITE_RECURSION = YES;
				CLANG_WARN_INT_CONVERSION = YES;
				CLANG_WARN_NON_LITERAL_NULL_CONVERSION = YES;
				CLANG_WARN_OBJC_IMPLICIT_RETAIN_SELF = YES;
				CLANG_WARN_OBJC_LITERAL_CONVERSION = YES;
				CLANG_WARN_OBJC_ROOT_CLASS = YES_ERROR;
				CLANG_WARN_QUOTED_INCLUDE_IN_FRAMEWORK_HEADER = YES;
				CLANG_WARN_RANGE_LOOP_ANALYSIS = YES;
				CLANG_WARN_STRICT_PROTOTYPES = YES;
				CLANG_WARN_SUSPICIOUS_MOVE = YES;
				CLANG_WARN_UNGUARDED_AVAILABILITY = YES_AGGRESSIVE;
				CLANG_WARN_UNREACHABLE_CODE = YES;
				CLANG_WARN__DUPLICATE_METHOD_MATCH = YES;
				COPY_PHASE_STRIP = NO;
				DEBUG_INFORMATION_FORMAT = dwarf;
				ENABLE_STRICT_OBJC_MSGSEND = YES;
				ENABLE_TESTABILITY = YES;
				GCC_C_LANGUAGE_STANDARD = gnu11;
				GCC_DYNAMIC_NO_PIC = NO;
				GCC_NO_COMMON_BLOCKS = YES;
				GCC_OPTIMIZATION_LEVEL = 0;
				GCC_PREPROCESSOR_DEFINITIONS = (
					"DEBUG=1",
					"$(inherited)",
				);
				GCC_WARN_64_TO_32_BIT_CONVERSION = YES;
				GCC_WARN_ABOUT_RETURN_TYPE = YES_ERROR;
				GCC_WARN_UNDECLARED_SELECTOR = YES;
				GCC_WARN_UNINITIALIZED_AUTOS = YES_AGGRESSIVE;
				GCC_WARN_UNUSED_FUNCTION = YES;
				GCC_WARN_UNUSED_VARIABLE = YES;
				IPHONEOS_DEPLOYMENT_TARGET = 14.0;
				MTL_ENABLE_DEBUG_INFO = INCLUDE_SOURCE;
				MTL_FAST_MATH = YES;
				ONLY_ACTIVE_ARCH = YES;
				SDKROOT = iphoneos;
				SWIFT_ACTIVE_COMPILATION_CONDITIONS = DEBUG;
				SWIFT_OPTIMIZATION_LEVEL = "-Onone";
			};
			name = Debug;
		};
		DE9A63F1252033B7007E3256 /* Release */ = {
			isa = XCBuildConfiguration;
			buildSettings = {
				ALWAYS_SEARCH_USER_PATHS = NO;
				CLANG_ANALYZER_NONNULL = YES;
				CLANG_ANALYZER_NUMBER_OBJECT_CONVERSION = YES_AGGRESSIVE;
				CLANG_CXX_LANGUAGE_STANDARD = "gnu++14";
				CLANG_CXX_LIBRARY = "libc++";
				CLANG_ENABLE_MODULES = YES;
				CLANG_ENABLE_OBJC_ARC = YES;
				CLANG_ENABLE_OBJC_WEAK = YES;
				CLANG_WARN_BLOCK_CAPTURE_AUTORELEASING = YES;
				CLANG_WARN_BOOL_CONVERSION = YES;
				CLANG_WARN_COMMA = YES;
				CLANG_WARN_CONSTANT_CONVERSION = YES;
				CLANG_WARN_DEPRECATED_OBJC_IMPLEMENTATIONS = YES;
				CLANG_WARN_DIRECT_OBJC_ISA_USAGE = YES_ERROR;
				CLANG_WARN_DOCUMENTATION_COMMENTS = YES;
				CLANG_WARN_EMPTY_BODY = YES;
				CLANG_WARN_ENUM_CONVERSION = YES;
				CLANG_WARN_INFINITE_RECURSION = YES;
				CLANG_WARN_INT_CONVERSION = YES;
				CLANG_WARN_NON_LITERAL_NULL_CONVERSION = YES;
				CLANG_WARN_OBJC_IMPLICIT_RETAIN_SELF = YES;
				CLANG_WARN_OBJC_LITERAL_CONVERSION = YES;
				CLANG_WARN_OBJC_ROOT_CLASS = YES_ERROR;
				CLANG_WARN_QUOTED_INCLUDE_IN_FRAMEWORK_HEADER = YES;
				CLANG_WARN_RANGE_LOOP_ANALYSIS = YES;
				CLANG_WARN_STRICT_PROTOTYPES = YES;
				CLANG_WARN_SUSPICIOUS_MOVE = YES;
				CLANG_WARN_UNGUARDED_AVAILABILITY = YES_AGGRESSIVE;
				CLANG_WARN_UNREACHABLE_CODE = YES;
				CLANG_WARN__DUPLICATE_METHOD_MATCH = YES;
				COPY_PHASE_STRIP = NO;
				DEBUG_INFORMATION_FORMAT = "dwarf-with-dsym";
				ENABLE_NS_ASSERTIONS = NO;
				ENABLE_STRICT_OBJC_MSGSEND = YES;
				GCC_C_LANGUAGE_STANDARD = gnu11;
				GCC_NO_COMMON_BLOCKS = YES;
				GCC_WARN_64_TO_32_BIT_CONVERSION = YES;
				GCC_WARN_ABOUT_RETURN_TYPE = YES_ERROR;
				GCC_WARN_UNDECLARED_SELECTOR = YES;
				GCC_WARN_UNINITIALIZED_AUTOS = YES_AGGRESSIVE;
				GCC_WARN_UNUSED_FUNCTION = YES;
				GCC_WARN_UNUSED_VARIABLE = YES;
				IPHONEOS_DEPLOYMENT_TARGET = 14.0;
				MTL_ENABLE_DEBUG_INFO = NO;
				MTL_FAST_MATH = YES;
				SDKROOT = iphoneos;
				SWIFT_COMPILATION_MODE = wholemodule;
				SWIFT_OPTIMIZATION_LEVEL = "-O";
				VALIDATE_PRODUCT = YES;
			};
			name = Release;
		};
		DE9A63F3252033B7007E3256 /* Debug */ = {
			isa = XCBuildConfiguration;
			buildSettings = {
				ALWAYS_EMBED_SWIFT_STANDARD_LIBRARIES = YES;
				ASSETCATALOG_COMPILER_APPICON_NAME = AppIcon;
				ASSETCATALOG_COMPILER_GLOBAL_ACCENT_COLOR_NAME = AccentColor;
				CODE_SIGN_STYLE = Automatic;
				DEVELOPMENT_ASSET_PATHS = "\"scale/Preview Content\"";
				ENABLE_PREVIEWS = YES;
				INFOPLIST_FILE = scale/Info.plist;
				IPHONEOS_DEPLOYMENT_TARGET = 14.0;
				LD_RUNPATH_SEARCH_PATHS = (
					"$(inherited)",
					"@executable_path/Frameworks",
				);
				PRODUCT_BUNDLE_IDENTIFIER = sock.scale;
				PRODUCT_NAME = "$(TARGET_NAME)";
				SWIFT_VERSION = 5.0;
				TARGETED_DEVICE_FAMILY = "1,2";
			};
			name = Debug;
		};
		DE9A63F4252033B7007E3256 /* Release */ = {
			isa = XCBuildConfiguration;
			buildSettings = {
				ALWAYS_EMBED_SWIFT_STANDARD_LIBRARIES = YES;
				ASSETCATALOG_COMPILER_APPICON_NAME = AppIcon;
				ASSETCATALOG_COMPILER_GLOBAL_ACCENT_COLOR_NAME = AccentColor;
				CODE_SIGN_STYLE = Automatic;
				DEVELOPMENT_ASSET_PATHS = "\"scale/Preview Content\"";
				ENABLE_PREVIEWS = YES;
				INFOPLIST_FILE = scale/Info.plist;
				IPHONEOS_DEPLOYMENT_TARGET = 14.0;
				LD_RUNPATH_SEARCH_PATHS = (
					"$(inherited)",
					"@executable_path/Frameworks",
				);
				PRODUCT_BUNDLE_IDENTIFIER = sock.scale;
				PRODUCT_NAME = "$(TARGET_NAME)";
				SWIFT_VERSION = 5.0;
				TARGETED_DEVICE_FAMILY = "1,2";
			};
			name = Release;
		};
		DE9A640D2520345E007E3256 /* Debug */ = {
			isa = XCBuildConfiguration;
			buildSettings = {
				ASSETCATALOG_COMPILER_GLOBAL_ACCENT_COLOR_NAME = AccentColor;
				ASSETCATALOG_COMPILER_WIDGET_BACKGROUND_COLOR_NAME = WidgetBackground;
				CODE_SIGN_STYLE = Automatic;
				INFOPLIST_FILE = scaleW/Info.plist;
				LD_RUNPATH_SEARCH_PATHS = (
					"$(inherited)",
					"@executable_path/Frameworks",
					"@executable_path/../../Frameworks",
				);
				PRODUCT_BUNDLE_IDENTIFIER = sock.scale.scaleW;
				PRODUCT_NAME = "$(TARGET_NAME)";
				SKIP_INSTALL = YES;
				SWIFT_VERSION = 5.0;
				TARGETED_DEVICE_FAMILY = "1,2";
			};
			name = Debug;
		};
		DE9A640E2520345E007E3256 /* Release */ = {
			isa = XCBuildConfiguration;
			buildSettings = {
				ASSETCATALOG_COMPILER_GLOBAL_ACCENT_COLOR_NAME = AccentColor;
				ASSETCATALOG_COMPILER_WIDGET_BACKGROUND_COLOR_NAME = WidgetBackground;
				CODE_SIGN_STYLE = Automatic;
				INFOPLIST_FILE = scaleW/Info.plist;
				LD_RUNPATH_SEARCH_PATHS = (
					"$(inherited)",
					"@executable_path/Frameworks",
					"@executable_path/../../Frameworks",
				);
				PRODUCT_BUNDLE_IDENTIFIER = sock.scale.scaleW;
				PRODUCT_NAME = "$(TARGET_NAME)";
				SKIP_INSTALL = YES;
				SWIFT_VERSION = 5.0;
				TARGETED_DEVICE_FAMILY = "1,2";
			};
			name = Release;
		};
/* End XCBuildConfiguration section */

/* Begin XCConfigurationList section */
		DE9A63DE252033B3007E3256 /* Build configuration list for PBXProject "scale" */ = {
			isa = XCConfigurationList;
			buildConfigurations = (
				DE9A63F0252033B7007E3256 /* Debug */,
				DE9A63F1252033B7007E3256 /* Release */,
			);
			defaultConfigurationIsVisible = 0;
			defaultConfigurationName = Release;
		};
		DE9A63F2252033B7007E3256 /* Build configuration list for PBXNativeTarget "scale" */ = {
			isa = XCConfigurationList;
			buildConfigurations = (
				DE9A63F3252033B7007E3256 /* Debug */,
				DE9A63F4252033B7007E3256 /* Release */,
			);
			defaultConfigurationIsVisible = 0;
			defaultConfigurationName = Release;
		};
		DE9A640C2520345E007E3256 /* Build configuration list for PBXNativeTarget "scaleWExtension" */ = {
			isa = XCConfigurationList;
			buildConfigurations = (
				DE9A640D2520345E007E3256 /* Debug */,
				DE9A640E2520345E007E3256 /* Release */,
			);
			defaultConfigurationIsVisible = 0;
			defaultConfigurationName = Release;
		};
/* End XCConfigurationList section */
	};
	rootObject = DE9A63DB252033B3007E3256 /* Project object */;
}
